
Microsoft Visual Studio Solution File, Format Version 12.00
# Visual Studio Version 16
VisualStudioVersion = 16.0.29709.97
MinimumVisualStudioVersion = 10.0.40219.1
Project("{9A19103F-16F7-4668-BE54-9A1E7A4F7556}") = "WordCount", "WordCount3\WordCount.csproj", "{543A8555-3ED5-4470-8E76-D158B52BE575}"
EndProject
Project("{9A19103F-16F7-4668-BE54-9A1E7A4F7556}") = "WordCountUnitTestProject", "WordCountUnitTestProject\WordCountUnitTestProject.csproj", "{08124E1E-59BE-45FE-9223-3386308DFF9A}"
EndProject
Global
	GlobalSection(SolutionConfigurationPlatforms) = preSolution
		Debug|Any CPU = Debug|Any CPU
		Release|Any CPU = Release|Any CPU
	EndGlobalSection
	GlobalSection(ProjectConfigurationPlatforms) = postSolution
		{543A8555-3ED5-4470-8E76-D158B52BE575}.Debug|Any CPU.ActiveCfg = Debug|Any CPU
		{543A8555-3ED5-4470-8E76-D158B52BE575}.Debug|Any CPU.Build.0 = Debug|Any CPU
		{543A8555-3ED5-4470-8E76-D158B52BE575}.Release|Any CPU.ActiveCfg = Release|Any CPU
		{543A8555-3ED5-4470-8E76-D158B52BE575}.Release|Any CPU.Build.0 = Release|Any CPU
		{08124E1E-59BE-45FE-9223-3386308DFF9A}.Debug|Any CPU.ActiveCfg = Debug|Any CPU
		{08124E1E-59BE-45FE-9223-3386308DFF9A}.Debug|Any CPU.Build.0 = Debug|Any CPU
		{08124E1E-59BE-45FE-9223-3386308DFF9A}.Release|Any CPU.ActiveCfg = Release|Any CPU
		{08124E1E-59BE-45FE-9223-3386308DFF9A}.Release|Any CPU.Build.0 = Release|Any CPU
	EndGlobalSection
	GlobalSection(SolutionProperties) = preSolution
		HideSolutionNode = FALSE
	EndGlobalSection
	GlobalSection(ExtensibilityGlobals) = postSolution
		SolutionGuid = {0FC92065-5B06-4DB4-9A6E-B2A47398B1A0}
	EndGlobalSection
EndGlobal
